{
  "version": "2",
  "remote": {
    "https://deno.land/std@0.163.0/_util/assert.ts": "e94f2eb37cebd7f199952e242c77654e43333c1ac4c5c700e929ea3aa5489f74",
    "https://deno.land/std@0.163.0/_util/os.ts": "8a33345f74990e627b9dfe2de9b040004b08ea5146c7c9e8fe9a29070d193934",
    "https://deno.land/std@0.163.0/bytes/bytes_list.ts": "aba5e2369e77d426b10af1de0dcc4531acecec27f9b9056f4f7bfbf8ac147ab4",
    "https://deno.land/std@0.163.0/bytes/equals.ts": "3c3558c3ae85526f84510aa2b48ab2ad7bdd899e2e0f5b7a8ffc85acb3a6043a",
    "https://deno.land/std@0.163.0/bytes/mod.ts": "b2e342fd3669176a27a4e15061e9d588b89c1aaf5008ab71766e23669565d179",
    "https://deno.land/std@0.163.0/fs/_util.ts": "fdc156f897197f261a1c096dcf8ff9267ed0ff42bd5b31f55053a4763a4bae3b",
    "https://deno.land/std@0.163.0/fs/copy.ts": "73bdf24f4322648d9bc38ef983b818637ba368351d17aa03644209d3ce3eac31",
    "https://deno.land/std@0.163.0/fs/empty_dir.ts": "c15a0aaaf40f8c21cca902aa1e01a789ad0c2fd1b7e2eecf4957053c5dbf707f",
    "https://deno.land/std@0.163.0/fs/ensure_dir.ts": "76395fc1c989ca8d2de3aedfa8240eb8f5225cde20f926de957995b063135b80",
    "https://deno.land/std@0.163.0/fs/ensure_file.ts": "b8e32ea63aa21221d0219760ba3f741f682d7f7d68d0d24a3ec067c338568152",
    "https://deno.land/std@0.163.0/fs/ensure_link.ts": "5cc1c04f18487d7d1edf4c5469705f30b61390ffd24ad7db6df85e7209b32bb2",
    "https://deno.land/std@0.163.0/fs/ensure_symlink.ts": "5273557b8c50be69477aa9cb003b54ff2240a336db52a40851c97abce76b96ab",
    "https://deno.land/std@0.163.0/fs/eol.ts": "65b1e27320c3eec6fb653b27e20056ee3d015d3e91db388cfefa41616ebc7cb3",
    "https://deno.land/std@0.163.0/fs/exists.ts": "6a447912e49eb79cc640adacfbf4b0baf8e17ede6d5bed057062ce33c4fa0d68",
    "https://deno.land/std@0.163.0/fs/expand_glob.ts": "d3f62aefc7718d878904d60d91e8e6dbbf86c696d32b6cbbc333637acf7f8571",
    "https://deno.land/std@0.163.0/fs/mod.ts": "354a6f972ef4e00c4dd1f1339a8828ef0764c1c23d3c0010af3fcc025d8655b0",
    "https://deno.land/std@0.163.0/fs/move.ts": "6d7fa9da60dbc7a32dd7fdbc2ff812b745861213c8e92ba96dace0669b0c378c",
    "https://deno.land/std@0.163.0/fs/walk.ts": "f420c9f6187bc21c9db1260fddae85da930e17853225c51acb6331a341b79667",
    "https://deno.land/std@0.163.0/io/buffer.ts": "fae02290f52301c4e0188670e730cd902f9307fb732d79c4aa14ebdc82497289",
    "https://deno.land/std@0.163.0/io/types.d.ts": "107e1e64834c5ba917c783f446b407d33432c5d612c4b3430df64fc2b4ecf091",
    "https://deno.land/std@0.163.0/path/_constants.ts": "df1db3ffa6dd6d1252cc9617e5d72165cd2483df90e93833e13580687b6083c3",
    "https://deno.land/std@0.163.0/path/_interface.ts": "ee3b431a336b80cf445441109d089b70d87d5e248f4f90ff906820889ecf8d09",
    "https://deno.land/std@0.163.0/path/_util.ts": "d16be2a16e1204b65f9d0dfc54a9bc472cafe5f4a190b3c8471ec2016ccd1677",
    "https://deno.land/std@0.163.0/path/common.ts": "bee563630abd2d97f99d83c96c2fa0cca7cee103e8cb4e7699ec4d5db7bd2633",
    "https://deno.land/std@0.163.0/path/glob.ts": "cb5255638de1048973c3e69e420c77dc04f75755524cb3b2e160fe9277d939ee",
    "https://deno.land/std@0.163.0/path/mod.ts": "56fec03ad0ebd61b6ab39ddb9b0ddb4c4a5c9f2f4f632e09dd37ec9ebfd722ac",
    "https://deno.land/std@0.163.0/path/posix.ts": "6b63de7097e68c8663c84ccedc0fd977656eb134432d818ecd3a4e122638ac24",
    "https://deno.land/std@0.163.0/path/separator.ts": "fe1816cb765a8068afb3e8f13ad272351c85cbc739af56dacfc7d93d710fe0f9",
    "https://deno.land/std@0.163.0/path/win32.ts": "ee8826dce087d31c5c81cd414714e677eb68febc40308de87a2ce4b40e10fb8d",
    "https://deno.land/std@0.163.0/streams/conversion.ts": "555c6c249f3acf85655f2d0af52d1cb3168e40b1c1fa26beefea501b333abe28",
    "https://deno.land/x/zod@v3.19.1/ZodError.ts": "bd013373ed0cb47621d18df2abb8709a231166806821d76a84d31cad7068379e",
    "https://deno.land/x/zod@v3.19.1/errors.ts": "5285922d2be9700cc0c70c95e4858952b07ae193aa0224be3cbd5cd5567eabef",
    "https://deno.land/x/zod@v3.19.1/external.ts": "584f70718e55ae2660d18a552f9c3a5d022f8153aa43e6537f2c2738d6808d42",
    "https://deno.land/x/zod@v3.19.1/helpers/enumUtil.ts": "54efc393cc9860e687d8b81ff52e980def00fa67377ad0bf8b3104f8a5bf698c",
    "https://deno.land/x/zod@v3.19.1/helpers/errorUtil.ts": "7a77328240be7b847af6de9189963bd9f79cab32bbc61502a9db4fe6683e2ea7",
    "https://deno.land/x/zod@v3.19.1/helpers/parseUtil.ts": "920a5623929a4be9110412f82d16ccda537a58e153c942a6d6b8a38329f293a1",
    "https://deno.land/x/zod@v3.19.1/helpers/partialUtil.ts": "8dc921a02b47384cf52217c7e539268daf619f89319b75bdf13ea178815725df",
    "https://deno.land/x/zod@v3.19.1/helpers/typeAliases.ts": "a1a8d039eb98925f242f5ea1e21e6d3cabd7f05e9747680165c914695c979b4f",
    "https://deno.land/x/zod@v3.19.1/helpers/util.ts": "27765b9fbf843da59fcc16dccd6478976051b483769ec8e8376ac051bbac4a02",
    "https://deno.land/x/zod@v3.19.1/index.ts": "035a7422d9f2be54daa0fe464254b69225b443000673e4794095d672471e8792",
    "https://deno.land/x/zod@v3.19.1/locales/en.ts": "152ea350b7df6ce14f2806fc8c0972f56c9b2de6a3dd1129795287f50dee4374",
    "https://deno.land/x/zod@v3.19.1/mod.ts": "64e55237cb4410e17d968cd08975566059f27638ebb0b86048031b987ba251c4",
    "https://deno.land/x/zod@v3.19.1/types.ts": "ab062fe1640d2172f49ca593fb325a22f8927145201f29b02b62353c79db2501"
  }
}
